<?xml version="1.0" encoding="utf-8"?>
<Project ToolsVersion="4.0" xmlns="http://schemas.microsoft.com/developer/msbuild/2003">
  <ItemGroup>
    <Filter Include="Source Files">
      <UniqueIdentifier>{4FC737F1-C7A5-4376-A066-2A32D752A2FF}</UniqueIdentifier>
      <Extensions>cpp;c;cc;cxx;def;odl;idl;hpj;bat;asm;asmx</Extensions>
    </Filter>
    <Filter Include="Header Files">
      <UniqueIdentifier>{93995380-89BD-4b04-88EB-625FBE52EBFB}</UniqueIdentifier>
      <Extensions>h;hh;hpp;hxx;hm;inl;inc;xsd</Extensions>
    </Filter>
    <Filter Include="Resource Files">
      <UniqueIdentifier>{67DA6AB6-F800-4c08-8B7A-83BB121AAD01}</UniqueIdentifier>
      <Extensions>rc;ico;cur;bmp;dlg;rc2;rct;bin;rgs;gif;jpg;jpeg;jpe;resx;tiff;tif;png;wav;mfcribbon-ms</Extensions>
    </Filter>
    <Filter Include="defaultShaders">
      <UniqueIdentifier>{968f014b-6356-4cc2-a0fd-aa76ad8e0d8a}</UniqueIdentifier>
    </Filter>
  </ItemGroup>
  <ItemGroup>
    <Text Include="ReadMe.txt" />
  </ItemGroup>
  <ItemGroup>
    <None Include="defaultShaders\textureShading.frag">
      <Filter>defaultShaders</Filter>
    </None>
    <None Include="defaultShaders\textureShading.vert">
      <Filter>defaultShaders</Filter>
    </None>
  </ItemGroup>
  <ItemGroup>
    <ClCompile Include="Sakura\src\Camera2D.cpp">
      <Filter>Source Files</Filter>
    </ClCompile>
    <ClCompile Include="Sakura\src\DebugRenderer.cpp">
      <Filter>Source Files</Filter>
    </ClCompile>
    <ClCompile Include="Sakura\src\GLSLProgram.cpp">
      <Filter>Source Files</Filter>
    </ClCompile>
    <ClCompile Include="Sakura\src\ImageLoader.cpp">
      <Filter>Source Files</Filter>
    </ClCompile>
    <ClCompile Include="Sakura\src\InputManager.cpp">
      <Filter>Source Files</Filter>
    </ClCompile>
    <ClCompile Include="Sakura\src\IOManager.cpp">
      <Filter>Source Files</Filter>
    </ClCompile>
    <ClCompile Include="Sakura\src\ParticleBatch2D.cpp">
      <Filter>Source Files</Filter>
    </ClCompile>
    <ClCompile Include="Sakura\src\ParticleEngine2D.cpp">
      <Filter>Source Files</Filter>
    </ClCompile>
    <ClCompile Include="Sakura\src\picoPNG.cpp">
      <Filter>Source Files</Filter>
    </ClCompile>
    <ClCompile Include="Sakura\src\ResourceManager.cpp">
      <Filter>Source Files</Filter>
    </ClCompile>
    <ClCompile Include="Sakura\src\Sakura.cpp">
      <Filter>Source Files</Filter>
    </ClCompile>
    <ClCompile Include="Sakura\src\ScreenList.cpp">
      <Filter>Source Files</Filter>
    </ClCompile>
    <ClCompile Include="Sakura\src\Sprite.cpp">
      <Filter>Source Files</Filter>
    </ClCompile>
    <ClCompile Include="Sakura\src\SpriteBatch.cpp">
      <Filter>Source Files</Filter>
    </ClCompile>
    <ClCompile Include="Sakura\src\SpriteFont.cpp">
      <Filter>Source Files</Filter>
    </ClCompile>
    <ClCompile Include="Sakura\src\TextureCache.cpp">
      <Filter>Source Files</Filter>
    </ClCompile>
    <ClCompile Include="Sakura\src\Timing.cpp">
      <Filter>Source Files</Filter>
    </ClCompile>
    <ClCompile Include="Sakura\src\Window.cpp">
      <Filter>Source Files</Filter>
    </ClCompile>
    <ClCompile Include="Sakura\src\AudioEngine.cpp">
      <Filter>Source Files</Filter>
    </ClCompile>
    <ClCompile Include="Sakura\src\component\Component.cpp">
      <Filter>Source Files</Filter>
    </ClCompile>
    <ClCompile Include="Sakura\src\component\CSystem.cpp">
      <Filter>Source Files</Filter>
    </ClCompile>
    <ClCompile Include="Sakura\src\component\Entity.cpp">
      <Filter>Source Files</Filter>
    </ClCompile>
    <ClCompile Include="Sakura\src\component\CESManager.cpp">
      <Filter>Source Files</Filter>
    </ClCompile>
    <ClCompile Include="Sakura\src\Bounds.cpp">
      <Filter>Source Files</Filter>
    </ClCompile>
    <ClCompile Include="Sakura\src\IMainSystem.cpp">
      <Filter>Source Files</Filter>
    </ClCompile>
  </ItemGroup>
  <ItemGroup>
    <ClInclude Include="include\SMath.h">
      <Filter>Header Files</Filter>
    </ClInclude>
    <ClInclude Include="Sakura\include\AudioEngine.h">
      <Filter>Header Files</Filter>
    </ClInclude>
    <ClInclude Include="Sakura\include\Camera2D.h">
      <Filter>Header Files</Filter>
    </ClInclude>
    <ClInclude Include="Sakura\include\DebugRenderer.h">
      <Filter>Header Files</Filter>
    </ClInclude>
    <ClInclude Include="Sakura\include\GLSLProgram.h">
      <Filter>Header Files</Filter>
    </ClInclude>
    <ClInclude Include="Sakura\include\GLTexture.h">
      <Filter>Header Files</Filter>
    </ClInclude>
    <ClInclude Include="Sakura\include\ImageLoader.h">
      <Filter>Header Files</Filter>
    </ClInclude>
    <ClInclude Include="Sakura\include\InputManager.h">
      <Filter>Header Files</Filter>
    </ClInclude>
    <ClInclude Include="Sakura\include\IOManager.h">
      <Filter>Header Files</Filter>
    </ClInclude>
    <ClInclude Include="Sakura\include\ParticleBatch2D.h">
      <Filter>Header Files</Filter>
    </ClInclude>
    <ClInclude Include="Sakura\include\ParticleEngine2D.h">
      <Filter>Header Files</Filter>
    </ClInclude>
    <ClInclude Include="Sakura\include\picoPNG.h">
      <Filter>Header Files</Filter>
    </ClInclude>
    <ClInclude Include="Sakura\include\ResourceManager.h">
      <Filter>Header Files</Filter>
    </ClInclude>
    <ClInclude Include="Sakura\include\Sakura.h">
      <Filter>Header Files</Filter>
    </ClInclude>
    <ClInclude Include="Sakura\include\ScreenList.h">
      <Filter>Header Files</Filter>
    </ClInclude>
    <ClInclude Include="Sakura\include\Sprite.h">
      <Filter>Header Files</Filter>
    </ClInclude>
    <ClInclude Include="Sakura\include\SpriteBatch.h">
      <Filter>Header Files</Filter>
    </ClInclude>
    <ClInclude Include="Sakura\include\SpriteFont.h">
      <Filter>Header Files</Filter>
    </ClInclude>
    <ClInclude Include="Sakura\include\TextureCache.h">
      <Filter>Header Files</Filter>
    </ClInclude>
    <ClInclude Include="Sakura\include\TileSheet.h">
      <Filter>Header Files</Filter>
    </ClInclude>
    <ClInclude Include="Sakura\include\Timing.h">
      <Filter>Header Files</Filter>
    </ClInclude>
    <ClInclude Include="Sakura\include\Vertex.h">
      <Filter>Header Files</Filter>
    </ClInclude>
    <ClInclude Include="Sakura\include\Window.h">
      <Filter>Header Files</Filter>
    </ClInclude>
    <ClInclude Include="Sakura\include\IScreen.h">
      <Filter>Header Files</Filter>
    </ClInclude>
    <ClInclude Include="Sakura\include\SakuraErrors.h">
      <Filter>Header Files</Filter>
    </ClInclude>
    <ClInclude Include="Sakura\include\component\Component.h">
      <Filter>Header Files</Filter>
    </ClInclude>
    <ClInclude Include="Sakura\include\component\CSystem.h">
      <Filter>Header Files</Filter>
    </ClInclude>
    <ClInclude Include="Sakura\include\component\Entity.h">
      <Filter>Header Files</Filter>
    </ClInclude>
    <ClInclude Include="Sakura\include\component\CESManager.h">
      <Filter>Header Files</Filter>
    </ClInclude>
    <ClInclude Include="Sakura\include\KeyCode.h">
      <Filter>Header Files</Filter>
    </ClInclude>
    <ClInclude Include="Sakura\include\TexParams.h">
      <Filter>Header Files</Filter>
    </ClInclude>
    <ClInclude Include="Sakura\include\Bounds.h">
      <Filter>Header Files</Filter>
    </ClInclude>
    <ClInclude Include="Sakura\include\GUIInterface.h">
      <Filter>Header Files</Filter>
    </ClInclude>
    <ClInclude Include="Sakura\include\IMainSystem.h">
      <Filter>Header Files</Filter>
    </ClInclude>
  </ItemGroup>
</Project>